// !$*UTF8*$!
{
	archiveVersion = 1;
	classes = {
	};
	objectVersion = 50;
	objects = {

/* Begin PBXBuildFile section */
		6987DF1621913061000BB4B5 /* AppDelegate.swift in Sources */ = {isa = PBXBuildFile; fileRef = 6987DF1521913061000BB4B5 /* AppDelegate.swift */; };
		6987DF1D21913063000BB4B5 /* Assets.xcassets in Resources */ = {isa = PBXBuildFile; fileRef = 6987DF1C21913063000BB4B5 /* Assets.xcassets */; };
		6987DF2021913063000BB4B5 /* LaunchScreen.storyboard in Resources */ = {isa = PBXBuildFile; fileRef = 6987DF1E21913063000BB4B5 /* LaunchScreen.storyboard */; };
		6987DF2B21913063000BB4B5 /* SnapChefTests.swift in Sources */ = {isa = PBXBuildFile; fileRef = 6987DF2A21913063000BB4B5 /* SnapChefTests.swift */; };
		6987DF3621913063000BB4B5 /* SnapChefUITests.swift in Sources */ = {isa = PBXBuildFile; fileRef = 6987DF3521913063000BB4B5 /* SnapChefUITests.swift */; };
		699C6DD5219FE4D8001587A7 /* Main.storyboard in Resources */ = {isa = PBXBuildFile; fileRef = 699C6DD3219FE4D8001587A7 /* Main.storyboard */; };
		699C6DD721A09846001587A7 /* LoginViewController.swift in Sources */ = {isa = PBXBuildFile; fileRef = 699C6DD621A09846001587A7 /* LoginViewController.swift */; };
		699C6DD921A098F1001587A7 /* SignupViewController.swift in Sources */ = {isa = PBXBuildFile; fileRef = 699C6DD821A098F1001587A7 /* SignupViewController.swift */; };
		699C6DDB21A0B28D001587A7 /* Keyboard.swift in Sources */ = {isa = PBXBuildFile; fileRef = 699C6DDA21A0B28D001587A7 /* Keyboard.swift */; };
		699C6DE021A0EFF5001587A7 /* SegueFromRight.swift in Sources */ = {isa = PBXBuildFile; fileRef = 699C6DDF21A0EFF5001587A7 /* SegueFromRight.swift */; };
/* End PBXBuildFile section */

/* Begin PBXContainerItemProxy section */
		6987DF2721913063000BB4B5 /* PBXContainerItemProxy */ = {
			isa = PBXContainerItemProxy;
			containerPortal = 6987DF0A21913061000BB4B5 /* Project object */;
			proxyType = 1;
			remoteGlobalIDString = 6987DF1121913061000BB4B5;
			remoteInfo = SnapChef;
		};
		6987DF3221913063000BB4B5 /* PBXContainerItemProxy */ = {
			isa = PBXContainerItemProxy;
			containerPortal = 6987DF0A21913061000BB4B5 /* Project object */;
			proxyType = 1;
			remoteGlobalIDString = 6987DF1121913061000BB4B5;
			remoteInfo = SnapChef;
		};
/* End PBXContainerItemProxy section */

/* Begin PBXFileReference section */
		6987DF1221913061000BB4B5 /* SnapChef.app */ = {isa = PBXFileReference; explicitFileType = wrapper.application; includeInIndex = 0; path = SnapChef.app; sourceTree = BUILT_PRODUCTS_DIR; };
		6987DF1521913061000BB4B5 /* AppDelegate.swift */ = {isa = PBXFileReference; lastKnownFileType = sourcecode.swift; path = AppDelegate.swift; sourceTree = "<group>"; };
		6987DF1C21913063000BB4B5 /* Assets.xcassets */ = {isa = PBXFileReference; lastKnownFileType = folder.assetcatalog; path = Assets.xcassets; sourceTree = "<group>"; };
		6987DF1F21913063000BB4B5 /* Base */ = {isa = PBXFileReference; lastKnownFileType = file.storyboard; name = Base; path = Base.lproj/LaunchScreen.storyboard; sourceTree = "<group>"; };
		6987DF2121913063000BB4B5 /* Info.plist */ = {isa = PBXFileReference; lastKnownFileType = text.plist.xml; path = Info.plist; sourceTree = "<group>"; };
		6987DF2621913063000BB4B5 /* SnapChefTests.xctest */ = {isa = PBXFileReference; explicitFileType = wrapper.cfbundle; includeInIndex = 0; path = SnapChefTests.xctest; sourceTree = BUILT_PRODUCTS_DIR; };
		6987DF2A21913063000BB4B5 /* SnapChefTests.swift */ = {isa = PBXFileReference; lastKnownFileType = sourcecode.swift; path = SnapChefTests.swift; sourceTree = "<group>"; };
		6987DF2C21913063000BB4B5 /* Info.plist */ = {isa = PBXFileReference; lastKnownFileType = text.plist.xml; path = Info.plist; sourceTree = "<group>"; };
		6987DF3121913063000BB4B5 /* SnapChefUITests.xctest */ = {isa = PBXFileReference; explicitFileType = wrapper.cfbundle; includeInIndex = 0; path = SnapChefUITests.xctest; sourceTree = BUILT_PRODUCTS_DIR; };
		6987DF3521913063000BB4B5 /* SnapChefUITests.swift */ = {isa = PBXFileReference; lastKnownFileType = sourcecode.swift; path = SnapChefUITests.swift; sourceTree = "<group>"; };
		6987DF3721913063000BB4B5 /* Info.plist */ = {isa = PBXFileReference; lastKnownFileType = text.plist.xml; path = Info.plist; sourceTree = "<group>"; };
		699C6DD4219FE4D8001587A7 /* Base */ = {isa = PBXFileReference; lastKnownFileType = file.storyboard; name = Base; path = Base.lproj/Main.storyboard; sourceTree = "<group>"; };
		699C6DD621A09846001587A7 /* LoginViewController.swift */ = {isa = PBXFileReference; lastKnownFileType = sourcecode.swift; path = LoginViewController.swift; sourceTree = "<group>"; };
		699C6DD821A098F1001587A7 /* SignupViewController.swift */ = {isa = PBXFileReference; lastKnownFileType = sourcecode.swift; path = SignupViewController.swift; sourceTree = "<group>"; };
		699C6DDA21A0B28D001587A7 /* Keyboard.swift */ = {isa = PBXFileReference; lastKnownFileType = sourcecode.swift; path = Keyboard.swift; sourceTree = "<group>"; };
		699C6DDF21A0EFF5001587A7 /* SegueFromRight.swift */ = {isa = PBXFileReference; lastKnownFileType = sourcecode.swift; path = SegueFromRight.swift; sourceTree = "<group>"; };
/* End PBXFileReference section */

/* Begin PBXFrameworksBuildPhase section */
		6987DF0F21913061000BB4B5 /* Frameworks */ = {
			isa = PBXFrameworksBuildPhase;
			buildActionMask = 2147483647;
			files = (
			);
			runOnlyForDeploymentPostprocessing = 0;
		};
		6987DF2321913063000BB4B5 /* Frameworks */ = {
			isa = PBXFrameworksBuildPhase;
			buildActionMask = 2147483647;
			files = (
			);
			runOnlyForDeploymentPostprocessing = 0;
		};
		6987DF2E21913063000BB4B5 /* Frameworks */ = {
			isa = PBXFrameworksBuildPhase;
			buildActionMask = 2147483647;
			files = (
			);
			runOnlyForDeploymentPostprocessing = 0;
		};
/* End PBXFrameworksBuildPhase section */

/* Begin PBXGroup section */
		6987DF0921913061000BB4B5 = {
			isa = PBXGroup;
			children = (
				6987DF1421913061000BB4B5 /* SnapChef */,
				6987DF2921913063000BB4B5 /* SnapChefTests */,
				6987DF3421913063000BB4B5 /* SnapChefUITests */,
				6987DF1321913061000BB4B5 /* Products */,
			);
			sourceTree = "<group>";
		};
		6987DF1321913061000BB4B5 /* Products */ = {
			isa = PBXGroup;
			children = (
				6987DF1221913061000BB4B5 /* SnapChef.app */,
				6987DF2621913063000BB4B5 /* SnapChefTests.xctest */,
				6987DF3121913063000BB4B5 /* SnapChefUITests.xctest */,
			);
			name = Products;
			sourceTree = "<group>";
		};
		6987DF1421913061000BB4B5 /* SnapChef */ = {
			isa = PBXGroup;
			children = (
				699C6DDE21A0EFD9001587A7 /* Segues */,
				699C6DDD21A0EFB3001587A7 /* Helpers */,
				699C6DDC21A0EE96001587A7 /* Views */,
				6987DF1521913061000BB4B5 /* AppDelegate.swift */,
				699C6DD3219FE4D8001587A7 /* Main.storyboard */,
				6987DF1C21913063000BB4B5 /* Assets.xcassets */,
				6987DF1E21913063000BB4B5 /* LaunchScreen.storyboard */,
				6987DF2121913063000BB4B5 /* Info.plist */,
			);
			path = SnapChef;
			sourceTree = "<group>";
		};
		6987DF2921913063000BB4B5 /* SnapChefTests */ = {
			isa = PBXGroup;
			children = (
				6987DF2A21913063000BB4B5 /* SnapChefTests.swift */,
				6987DF2C21913063000BB4B5 /* Info.plist */,
			);
			path = SnapChefTests;
			sourceTree = "<group>";
		};
		6987DF3421913063000BB4B5 /* SnapChefUITests */ = {
			isa = PBXGroup;
			children = (
				6987DF3521913063000BB4B5 /* SnapChefUITests.swift */,
				6987DF3721913063000BB4B5 /* Info.plist */,
			);
			path = SnapChefUITests;
			sourceTree = "<group>";
		};
		699C6DDC21A0EE96001587A7 /* Views */ = {
			isa = PBXGroup;
			children = (
				699C6DD621A09846001587A7 /* LoginViewController.swift */,
				699C6DD821A098F1001587A7 /* SignupViewController.swift */,
			);
			path = Views;
			sourceTree = "<group>";
		};
		699C6DDD21A0EFB3001587A7 /* Helpers */ = {
			isa = PBXGroup;
			children = (
				699C6DDA21A0B28D001587A7 /* Keyboard.swift */,
			);
			path = Helpers;
			sourceTree = "<group>";
		};
		699C6DDE21A0EFD9001587A7 /* Segues */ = {
			isa = PBXGroup;
			children = (
				699C6DDF21A0EFF5001587A7 /* SegueFromRight.swift */,
			);
			path = Segues;
			sourceTree = "<group>";
		};
/* End PBXGroup section */

/* Begin PBXNativeTarget section */
		6987DF1121913061000BB4B5 /* SnapChef */ = {
			isa = PBXNativeTarget;
			buildConfigurationList = 6987DF3A21913063000BB4B5 /* Build configuration list for PBXNativeTarget "SnapChef" */;
			buildPhases = (
				6987DF0E21913061000BB4B5 /* Sources */,
				6987DF0F21913061000BB4B5 /* Frameworks */,
				6987DF1021913061000BB4B5 /* Resources */,
			);
			buildRules = (
			);
			dependencies = (
			);
			name = SnapChef;
			productName = SnapChef;
			productReference = 6987DF1221913061000BB4B5 /* SnapChef.app */;
			productType = "com.apple.product-type.application";
		};
		6987DF2521913063000BB4B5 /* SnapChefTests */ = {
			isa = PBXNativeTarget;
			buildConfigurationList = 6987DF3D21913063000BB4B5 /* Build configuration list for PBXNativeTarget "SnapChefTests" */;
			buildPhases = (
				6987DF2221913063000BB4B5 /* Sources */,
				6987DF2321913063000BB4B5 /* Frameworks */,
				6987DF2421913063000BB4B5 /* Resources */,
			);
			buildRules = (
			);
			dependencies = (
				6987DF2821913063000BB4B5 /* PBXTargetDependency */,
			);
			name = SnapChefTests;
			productName = SnapChefTests;
			productReference = 6987DF2621913063000BB4B5 /* SnapChefTests.xctest */;
			productType = "com.apple.product-type.bundle.unit-test";
		};
		6987DF3021913063000BB4B5 /* SnapChefUITests */ = {
			isa = PBXNativeTarget;
			buildConfigurationList = 6987DF4021913063000BB4B5 /* Build configuration list for PBXNativeTarget "SnapChefUITests" */;
			buildPhases = (
				6987DF2D21913063000BB4B5 /* Sources */,
				6987DF2E21913063000BB4B5 /* Frameworks */,
				6987DF2F21913063000BB4B5 /* Resources */,
			);
			buildRules = (
			);
			dependencies = (
				6987DF3321913063000BB4B5 /* PBXTargetDependency */,
			);
			name = SnapChefUITests;
			productName = SnapChefUITests;
			productReference = 6987DF3121913063000BB4B5 /* SnapChefUITests.xctest */;
			productType = "com.apple.product-type.bundle.ui-testing";
		};
/* End PBXNativeTarget section */

/* Begin PBXProject section */
		6987DF0A21913061000BB4B5 /* Project object */ = {
			isa = PBXProject;
			attributes = {
				LastSwiftUpdateCheck = 1000;
				LastUpgradeCheck = 1000;
				ORGANIZATIONNAME = SnapChefTeam;
				TargetAttributes = {
					6987DF1121913061000BB4B5 = {
						CreatedOnToolsVersion = 10.0;
					};
					6987DF2521913063000BB4B5 = {
						CreatedOnToolsVersion = 10.0;
						TestTargetID = 6987DF1121913061000BB4B5;
					};
					6987DF3021913063000BB4B5 = {
						CreatedOnToolsVersion = 10.0;
						TestTargetID = 6987DF1121913061000BB4B5;
					};
				};
			};
			buildConfigurationList = 6987DF0D21913061000BB4B5 /* Build configuration list for PBXProject "SnapChef" */;
			compatibilityVersion = "Xcode 9.3";
			developmentRegion = en;
			hasScannedForEncodings = 0;
			knownRegions = (
				en,
				Base,
			);
			mainGroup = 6987DF0921913061000BB4B5;
			productRefGroup = 6987DF1321913061000BB4B5 /* Products */;
			projectDirPath = "";
			projectRoot = "";
			targets = (
				6987DF1121913061000BB4B5 /* SnapChef */,
				6987DF2521913063000BB4B5 /* SnapChefTests */,
				6987DF3021913063000BB4B5 /* SnapChefUITests */,
			);
		};
/* End PBXProject section */

/* Begin PBXResourcesBuildPhase section */
		6987DF1021913061000BB4B5 /* Resources */ = {
			isa = PBXResourcesBuildPhase;
			buildActionMask = 2147483647;
			files = (
				699C6DD5219FE4D8001587A7 /* Main.storyboard in Resources */,
				6987DF2021913063000BB4B5 /* LaunchScreen.storyboard in Resources */,
				6987DF1D21913063000BB4B5 /* Assets.xcassets in Resources */,
			);
			runOnlyForDeploymentPostprocessing = 0;
		};
		6987DF2421913063000BB4B5 /* Resources */ = {
			isa = PBXResourcesBuildPhase;
			buildActionMask = 2147483647;
			files = (
			);
			runOnlyForDeploymentPostprocessing = 0;
		};
		6987DF2F21913063000BB4B5 /* Resources */ = {
			isa = PBXResourcesBuildPhase;
			buildActionMask = 2147483647;
			files = (
			);
			runOnlyForDeploymentPostprocessing = 0;
		};
/* End PBXResourcesBuildPhase section */

/* Begin PBXSourcesBuildPhase section */
		6987DF0E21913061000BB4B5 /* Sources */ = {
			isa = PBXSourcesBuildPhase;
			buildActionMask = 2147483647;
			files = (
				699C6DD721A09846001587A7 /* LoginViewController.swift in Sources */,
				699C6DE021A0EFF5001587A7 /* SegueFromRight.swift in Sources */,
				699C6DDB21A0B28D001587A7 /* Keyboard.swift in Sources */,
				699C6DD921A098F1001587A7 /* SignupViewController.swift in Sources */,
				6987DF1621913061000BB4B5 /* AppDelegate.swift in Sources */,
			);
			runOnlyForDeploymentPostprocessing = 0;
		};
		6987DF2221913063000BB4B5 /* Sources */ = {
			isa = PBXSourcesBuildPhase;
			buildActionMask = 2147483647;
			files = (
				6987DF2B21913063000BB4B5 /* SnapChefTests.swift in Sources */,
			);
			runOnlyForDeploymentPostprocessing = 0;
		};
		6987DF2D21913063000BB4B5 /* Sources */ = {
			isa = PBXSourcesBuildPhase;
			buildActionMask = 2147483647;
			files = (
				6987DF3621913063000BB4B5 /* SnapChefUITests.swift in Sources */,
			);
			runOnlyForDeploymentPostprocessing = 0;
		};
/* End PBXSourcesBuildPhase section */

/* Begin PBXTargetDependency section */
		6987DF2821913063000BB4B5 /* PBXTargetDependency */ = {
			isa = PBXTargetDependency;
			target = 6987DF1121913061000BB4B5 /* SnapChef */;
			targetProxy = 6987DF2721913063000BB4B5 /* PBXContainerItemProxy */;
		};
		6987DF3321913063000BB4B5 /* PBXTargetDependency */ = {
			isa = PBXTargetDependency;
			target = 6987DF1121913061000BB4B5 /* SnapChef */;
			targetProxy = 6987DF3221913063000BB4B5 /* PBXContainerItemProxy */;
		};
/* End PBXTargetDependency section */

/* Begin PBXVariantGroup section */
		6987DF1E21913063000BB4B5 /* LaunchScreen.storyboard */ = {
			isa = PBXVariantGroup;
			children = (
				6987DF1F21913063000BB4B5 /* Base */,
			);
			name = LaunchScreen.storyboard;
			sourceTree = "<group>";
		};
		699C6DD3219FE4D8001587A7 /* Main.storyboard */ = {
			isa = PBXVariantGroup;
			children = (
				699C6DD4219FE4D8001587A7 /* Base */,
			);
			name = Main.storyboard;
			sourceTree = "<group>";
		};
/* End PBXVariantGroup section */

/* Begin XCBuildConfiguration section */
		6987DF3821913063000BB4B5 /* Debug */ = {
			isa = XCBuildConfiguration;
			buildSettings = {
				ALWAYS_SEARCH_USER_PATHS = NO;
				CLANG_ANALYZER_NONNULL = YES;
				CLANG_ANALYZER_NUMBER_OBJECT_CONVERSION = YES_AGGRESSIVE;
				CLANG_CXX_LANGUAGE_STANDARD = "gnu++14";
				CLANG_CXX_LIBRARY = "libc++";
				CLANG_ENABLE_MODULES = YES;
				CLANG_ENABLE_OBJC_ARC = YES;
				CLANG_ENABLE_OBJC_WEAK = YES;
				CLANG_WARN_BLOCK_CAPTURE_AUTORELEASING = YES;
				CLANG_WARN_BOOL_CONVERSION = YES;
				CLANG_WARN_COMMA = YES;
				CLANG_WARN_CONSTANT_CONVERSION = YES;
				CLANG_WARN_DEPRECATED_OBJC_IMPLEMENTATIONS = YES;
				CLANG_WARN_DIRECT_OBJC_ISA_USAGE = YES_ERROR;
				CLANG_WARN_DOCUMENTATION_COMMENTS = YES;
				CLANG_WARN_EMPTY_BODY = YES;
				CLANG_WARN_ENUM_CONVERSION = YES;
				CLANG_WARN_INFINITE_RECURSION = YES;
				CLANG_WARN_INT_CONVERSION = YES;
				CLANG_WARN_NON_LITERAL_NULL_CONVERSION = YES;
				CLANG_WARN_OBJC_IMPLICIT_RETAIN_SELF = YES;
				CLANG_WARN_OBJC_LITERAL_CONVERSION = YES;
				CLANG_WARN_OBJC_ROOT_CLASS = YES_ERROR;
				CLANG_WARN_RANGE_LOOP_ANALYSIS = YES;
				CLANG_WARN_STRICT_PROTOTYPES = YES;
				CLANG_WARN_SUSPICIOUS_MOVE = YES;
				CLANG_WARN_UNGUARDED_AVAILABILITY = YES_AGGRESSIVE;
				CLANG_WARN_UNREACHABLE_CODE = YES;
				CLANG_WARN__DUPLICATE_METHOD_MATCH = YES;
				CODE_SIGN_IDENTITY = "iPhone Developer";
				COPY_PHASE_STRIP = NO;
				DEBUG_INFORMATION_FORMAT = dwarf;
				ENABLE_STRICT_OBJC_MSGSEND = YES;
				ENABLE_TESTABILITY = YES;
				GCC_C_LANGUAGE_STANDARD = gnu11;
				GCC_DYNAMIC_NO_PIC = NO;
				GCC_NO_COMMON_BLOCKS = YES;
				GCC_OPTIMIZATION_LEVEL = 0;
				GCC_PREPROCESSOR_DEFINITIONS = (
					"DEBUG=1",
					"$(inherited)",
				);
				GCC_WARN_64_TO_32_BIT_CONVERSION = YES;
				GCC_WARN_ABOUT_RETURN_TYPE = YES_ERROR;
				GCC_WARN_UNDECLARED_SELECTOR = YES;
				GCC_WARN_UNINITIALIZED_AUTOS = YES_AGGRESSIVE;
				GCC_WARN_UNUSED_FUNCTION = YES;
				GCC_WARN_UNUSED_VARIABLE = YES;
				IPHONEOS_DEPLOYMENT_TARGET = 12.0;
				MTL_ENABLE_DEBUG_INFO = INCLUDE_SOURCE;
				MTL_FAST_MATH = YES;
				ONLY_ACTIVE_ARCH = YES;
				SDKROOT = iphoneos;
				SWIFT_ACTIVE_COMPILATION_CONDITIONS = DEBUG;
				SWIFT_OPTIMIZATION_LEVEL = "-Onone";
			};
			name = Debug;
		};
		6987DF3921913063000BB4B5 /* Release */ = {
			isa = XCBuildConfiguration;
			buildSettings = {
				ALWAYS_SEARCH_USER_PATHS = NO;
				CLANG_ANALYZER_NONNULL = YES;
				CLANG_ANALYZER_NUMBER_OBJECT_CONVERSION = YES_AGGRESSIVE;
				CLANG_CXX_LANGUAGE_STANDARD = "gnu++14";
				CLANG_CXX_LIBRARY = "libc++";
				CLANG_ENABLE_MODULES = YES;
				CLANG_ENABLE_OBJC_ARC = YES;
				CLANG_ENABLE_OBJC_WEAK = YES;
				CLANG_WARN_BLOCK_CAPTURE_AUTORELEASING = YES;
				CLANG_WARN_BOOL_CONVERSION = YES;
				CLANG_WARN_COMMA = YES;
				CLANG_WARN_CONSTANT_CONVERSION = YES;
				CLANG_WARN_DEPRECATED_OBJC_IMPLEMENTATIONS = YES;
				CLANG_WARN_DIRECT_OBJC_ISA_USAGE = YES_ERROR;
				CLANG_WARN_DOCUMENTATION_COMMENTS = YES;
				CLANG_WARN_EMPTY_BODY = YES;
				CLANG_WARN_ENUM_CONVERSION = YES;
				CLANG_WARN_INFINITE_RECURSION = YES;
				CLANG_WARN_INT_CONVERSION = YES;
				CLANG_WARN_NON_LITERAL_NULL_CONVERSION = YES;
				CLANG_WARN_OBJC_IMPLICIT_RETAIN_SELF = YES;
				CLANG_WARN_OBJC_LITERAL_CONVERSION = YES;
				CLANG_WARN_OBJC_ROOT_CLASS = YES_ERROR;
				CLANG_WARN_RANGE_LOOP_ANALYSIS = YES;
				CLANG_WARN_STRICT_PROTOTYPES = YES;
				CLANG_WARN_SUSPICIOUS_MOVE = YES;
				CLANG_WARN_UNGUARDED_AVAILABILITY = YES_AGGRESSIVE;
				CLANG_WARN_UNREACHABLE_CODE = YES;
				CLANG_WARN__DUPLICATE_METHOD_MATCH = YES;
				CODE_SIGN_IDENTITY = "iPhone Developer";
				COPY_PHASE_STRIP = NO;
				DEBUG_INFORMATION_FORMAT = "dwarf-with-dsym";
				ENABLE_NS_ASSERTIONS = NO;
				ENABLE_STRICT_OBJC_MSGSEND = YES;
				GCC_C_LANGUAGE_STANDARD = gnu11;
				GCC_NO_COMMON_BLOCKS = YES;
				GCC_WARN_64_TO_32_BIT_CONVERSION = YES;
				GCC_WARN_ABOUT_RETURN_TYPE = YES_ERROR;
				GCC_WARN_UNDECLARED_SELECTOR = YES;
				GCC_WARN_UNINITIALIZED_AUTOS = YES_AGGRESSIVE;
				GCC_WARN_UNUSED_FUNCTION = YES;
				GCC_WARN_UNUSED_VARIABLE = YES;
				IPHONEOS_DEPLOYMENT_TARGET = 12.0;
				MTL_ENABLE_DEBUG_INFO = NO;
				MTL_FAST_MATH = YES;
				SDKROOT = iphoneos;
				SWIFT_COMPILATION_MODE = wholemodule;
				SWIFT_OPTIMIZATION_LEVEL = "-O";
				VALIDATE_PRODUCT = YES;
			};
			name = Release;
		};
		6987DF3B21913063000BB4B5 /* Debug */ = {
			isa = XCBuildConfiguration;
			buildSettings = {
				ASSETCATALOG_COMPILER_APPICON_NAME = AppIcon;
				CODE_SIGN_STYLE = Automatic;
				INFOPLIST_FILE = SnapChef/Info.plist;
				LD_RUNPATH_SEARCH_PATHS = (
					"$(inherited)",
					"@executable_path/Frameworks",
				);
				PRODUCT_BUNDLE_IDENTIFIER = com.snapchef.SnapChef;
				PRODUCT_NAME = "$(TARGET_NAME)";
				SWIFT_VERSION = 4.2;
				TARGETED_DEVICE_FAMILY = "1,2";
			};
			name = Debug;
		};
		6987DF3C21913063000BB4B5 /* Release */ = {
			isa = XCBuildConfiguration;
			buildSettings = {
				ASSETCATALOG_COMPILER_APPICON_NAME = AppIcon;
				CODE_SIGN_STYLE = Automatic;
				INFOPLIST_FILE = SnapChef/Info.plist;
				LD_RUNPATH_SEARCH_PATHS = (
					"$(inherited)",
					"@executable_path/Frameworks",
				);
				PRODUCT_BUNDLE_IDENTIFIER = com.snapchef.SnapChef;
				PRODUCT_NAME = "$(TARGET_NAME)";
				SWIFT_VERSION = 4.2;
				TARGETED_DEVICE_FAMILY = "1,2";
			};
			name = Release;
		};
		6987DF3E21913063000BB4B5 /* Debug */ = {
			isa = XCBuildConfiguration;
			buildSettings = {
				ALWAYS_EMBED_SWIFT_STANDARD_LIBRARIES = YES;
				BUNDLE_LOADER = "$(TEST_HOST)";
				CODE_SIGN_STYLE = Automatic;
				INFOPLIST_FILE = SnapChefTests/Info.plist;
				LD_RUNPATH_SEARCH_PATHS = (
					"$(inherited)",
					"@executable_path/Frameworks",
					"@loader_path/Frameworks",
				);
				PRODUCT_BUNDLE_IDENTIFIER = com.snapchef.SnapChefTests;
				PRODUCT_NAME = "$(TARGET_NAME)";
				SWIFT_VERSION = 4.2;
				TARGETED_DEVICE_FAMILY = "1,2";
				TEST_HOST = "$(BUILT_PRODUCTS_DIR)/SnapChef.app/SnapChef";
			};
			name = Debug;
		};
		6987DF3F21913063000BB4B5 /* Release */ = {
			isa = XCBuildConfiguration;
			buildSettings = {
				ALWAYS_EMBED_SWIFT_STANDARD_LIBRARIES = YES;
				BUNDLE_LOADER = "$(TEST_HOST)";
				CODE_SIGN_STYLE = Automatic;
				INFOPLIST_FILE = SnapChefTests/Info.plist;
				LD_RUNPATH_SEARCH_PATHS = (
					"$(inherited)",
					"@executable_path/Frameworks",
					"@loader_path/Frameworks",
				);
				PRODUCT_BUNDLE_IDENTIFIER = com.snapchef.SnapChefTests;
				PRODUCT_NAME = "$(TARGET_NAME)";
				SWIFT_VERSION = 4.2;
				TARGETED_DEVICE_FAMILY = "1,2";
				TEST_HOST = "$(BUILT_PRODUCTS_DIR)/SnapChef.app/SnapChef";
			};
			name = Release;
		};
		6987DF4121913063000BB4B5 /* Debug */ = {
			isa = XCBuildConfiguration;
			buildSettings = {
				ALWAYS_EMBED_SWIFT_STANDARD_LIBRARIES = YES;
				CODE_SIGN_STYLE = Automatic;
				INFOPLIST_FILE = SnapChefUITests/Info.plist;
				LD_RUNPATH_SEARCH_PATHS = (
					"$(inherited)",
					"@executable_path/Frameworks",
					"@loader_path/Frameworks",
				);
				PRODUCT_BUNDLE_IDENTIFIER = com.snapchef.SnapChefUITests;
				PRODUCT_NAME = "$(TARGET_NAME)";
				SWIFT_VERSION = 4.2;
				TARGETED_DEVICE_FAMILY = "1,2";
				TEST_TARGET_NAME = SnapChef;
			};
			name = Debug;
		};
		6987DF4221913063000BB4B5 /* Release */ = {
			isa = XCBuildConfiguration;
			buildSettings = {
				ALWAYS_EMBED_SWIFT_STANDARD_LIBRARIES = YES;
				CODE_SIGN_STYLE = Automatic;
				INFOPLIST_FILE = SnapChefUITests/Info.plist;
				LD_RUNPATH_SEARCH_PATHS = (
					"$(inherited)",
					"@executable_path/Frameworks",
					"@loader_path/Frameworks",
				);
				PRODUCT_BUNDLE_IDENTIFIER = com.snapchef.SnapChefUITests;
				PRODUCT_NAME = "$(TARGET_NAME)";
				SWIFT_VERSION = 4.2;
				TARGETED_DEVICE_FAMILY = "1,2";
				TEST_TARGET_NAME = SnapChef;
			};
			name = Release;
		};
/* End XCBuildConfiguration section */

/* Begin XCConfigurationList section */
		6987DF0D21913061000BB4B5 /* Build configuration list for PBXProject "SnapChef" */ = {
			isa = XCConfigurationList;
			buildConfigurations = (
				6987DF3821913063000BB4B5 /* Debug */,
				6987DF3921913063000BB4B5 /* Release */,
			);
			defaultConfigurationIsVisible = 0;
			defaultConfigurationName = Release;
		};
		6987DF3A21913063000BB4B5 /* Build configuration list for PBXNativeTarget "SnapChef" */ = {
			isa = XCConfigurationList;
			buildConfigurations = (
				6987DF3B21913063000BB4B5 /* Debug */,
				6987DF3C21913063000BB4B5 /* Release */,
			);
			defaultConfigurationIsVisible = 0;
			defaultConfigurationName = Release;
		};
		6987DF3D21913063000BB4B5 /* Build configuration list for PBXNativeTarget "SnapChefTests" */ = {
			isa = XCConfigurationList;
			buildConfigurations = (
				6987DF3E21913063000BB4B5 /* Debug */,
				6987DF3F21913063000BB4B5 /* Release */,
			);
			defaultConfigurationIsVisible = 0;
			defaultConfigurationName = Release;
		};
		6987DF4021913063000BB4B5 /* Build configuration list for PBXNativeTarget "SnapChefUITests" */ = {
			isa = XCConfigurationList;
			buildConfigurations = (
				6987DF4121913063000BB4B5 /* Debug */,
				6987DF4221913063000BB4B5 /* Release */,
			);
			defaultConfigurationIsVisible = 0;
			defaultConfigurationName = Release;
		};
/* End XCConfigurationList section */
	};
	rootObject = 6987DF0A21913061000BB4B5 /* Project object */;
}
